
Microsoft Visual Studio Solution File, Format Version 12.00
# Visual Studio 15
VisualStudioVersion = 15.0.28307.1259
MinimumVisualStudioVersion = 10.0.40219.1
Project("{8BC9CEB8-8B4A-11D0-8D11-00A0C91BC942}") = "ChatRoom", "ChatRoom\ChatRoom.vcxproj", "{9F7E5241-D398-4C35-A231-D6B58586CF86}"
EndProject
Global
	GlobalSection(SolutionConfigurationPlatforms) = preSolution
		Debug|Win32 = Debug|Win32
		Release|Win32 = Release|Win32
	EndGlobalSection
	GlobalSection(ProjectConfigurationPlatforms) = postSolution
		{9F7E5241-D398-4C35-A231-D6B58586CF86}.Debug|Win32.ActiveCfg = Debug|Win32
		{9F7E5241-D398-4C35-A231-D6B58586CF86}.Debug|Win32.Build.0 = Debug|Win32
		{9F7E5241-D398-4C35-A231-D6B58586CF86}.Release|Win32.ActiveCfg = Release|Win32
		{9F7E5241-D398-4C35-A231-D6B58586CF86}.Release|Win32.Build.0 = Release|Win32
	EndGlobalSection
	GlobalSection(SolutionProperties) = preSolution
		HideSolutionNode = FALSE
	EndGlobalSection
	GlobalSection(ExtensibilityGlobals) = postSolution
		SolutionGuid = {7198F398-9EA1-441C-8E15-CE98C7B62AAE}
	EndGlobalSection
EndGlobal
