
Microsoft Visual Studio Solution File, Format Version 12.00
# Visual Studio 15
VisualStudioVersion = 15.0.28307.1022
MinimumVisualStudioVersion = 10.0.40219.1
Project("{8BC9CEB8-8B4A-11D0-8D11-00A0C91BC942}") = "ch0_helloworld", "src\ch0helloworld\0_helloworld.vcxproj", "{353B1D7F-0AD0-4124-8974-4B616D24A744}"
EndProject
Project("{8BC9CEB8-8B4A-11D0-8D11-00A0C91BC942}") = "ch1_dll_exports", "src\ch1dll_exports\ch1dll_exports.vcxproj", "{0F53DD03-3F02-4ABD-B9DB-41A51BE94F32}"
EndProject
Project("{8BC9CEB8-8B4A-11D0-8D11-00A0C91BC942}") = "ch2_dll_test", "src\ch2_dll_test\ch2_dll_test.vcxproj", "{CA7ECB78-782E-4AB9-9DDD-E86BAD5CC401}"
	ProjectSection(ProjectDependencies) = postProject
		{0F53DD03-3F02-4ABD-B9DB-41A51BE94F32} = {0F53DD03-3F02-4ABD-B9DB-41A51BE94F32}
	EndProjectSection
EndProject
Project("{8BC9CEB8-8B4A-11D0-8D11-00A0C91BC942}") = "mfc_del", "mfc_del\mfc_del.vcxproj", "{58D55F0F-EA4B-4E96-A5B8-303ADC029BF4}"
EndProject
Global
	GlobalSection(SolutionConfigurationPlatforms) = preSolution
		Debug|x64 = Debug|x64
		Debug|x86 = Debug|x86
		Release|x64 = Release|x64
		Release|x86 = Release|x86
	EndGlobalSection
	GlobalSection(ProjectConfigurationPlatforms) = postSolution
		{353B1D7F-0AD0-4124-8974-4B616D24A744}.Debug|x64.ActiveCfg = Debug|x64
		{353B1D7F-0AD0-4124-8974-4B616D24A744}.Debug|x64.Build.0 = Debug|x64
		{353B1D7F-0AD0-4124-8974-4B616D24A744}.Debug|x86.ActiveCfg = Debug|Win32
		{353B1D7F-0AD0-4124-8974-4B616D24A744}.Debug|x86.Build.0 = Debug|Win32
		{353B1D7F-0AD0-4124-8974-4B616D24A744}.Release|x64.ActiveCfg = Release|x64
		{353B1D7F-0AD0-4124-8974-4B616D24A744}.Release|x64.Build.0 = Release|x64
		{353B1D7F-0AD0-4124-8974-4B616D24A744}.Release|x86.ActiveCfg = Release|Win32
		{353B1D7F-0AD0-4124-8974-4B616D24A744}.Release|x86.Build.0 = Release|Win32
		{0F53DD03-3F02-4ABD-B9DB-41A51BE94F32}.Debug|x64.ActiveCfg = Debug|x64
		{0F53DD03-3F02-4ABD-B9DB-41A51BE94F32}.Debug|x64.Build.0 = Debug|x64
		{0F53DD03-3F02-4ABD-B9DB-41A51BE94F32}.Debug|x86.ActiveCfg = Debug|Win32
		{0F53DD03-3F02-4ABD-B9DB-41A51BE94F32}.Debug|x86.Build.0 = Debug|Win32
		{0F53DD03-3F02-4ABD-B9DB-41A51BE94F32}.Release|x64.ActiveCfg = Release|x64
		{0F53DD03-3F02-4ABD-B9DB-41A51BE94F32}.Release|x64.Build.0 = Release|x64
		{0F53DD03-3F02-4ABD-B9DB-41A51BE94F32}.Release|x86.ActiveCfg = Release|Win32
		{0F53DD03-3F02-4ABD-B9DB-41A51BE94F32}.Release|x86.Build.0 = Release|Win32
		{CA7ECB78-782E-4AB9-9DDD-E86BAD5CC401}.Debug|x64.ActiveCfg = Debug|x64
		{CA7ECB78-782E-4AB9-9DDD-E86BAD5CC401}.Debug|x64.Build.0 = Debug|x64
		{CA7ECB78-782E-4AB9-9DDD-E86BAD5CC401}.Debug|x86.ActiveCfg = Debug|Win32
		{CA7ECB78-782E-4AB9-9DDD-E86BAD5CC401}.Debug|x86.Build.0 = Debug|Win32
		{CA7ECB78-782E-4AB9-9DDD-E86BAD5CC401}.Release|x64.ActiveCfg = Release|x64
		{CA7ECB78-782E-4AB9-9DDD-E86BAD5CC401}.Release|x64.Build.0 = Release|x64
		{CA7ECB78-782E-4AB9-9DDD-E86BAD5CC401}.Release|x86.ActiveCfg = Release|Win32
		{CA7ECB78-782E-4AB9-9DDD-E86BAD5CC401}.Release|x86.Build.0 = Release|Win32
		{58D55F0F-EA4B-4E96-A5B8-303ADC029BF4}.Debug|x64.ActiveCfg = Debug|x64
		{58D55F0F-EA4B-4E96-A5B8-303ADC029BF4}.Debug|x64.Build.0 = Debug|x64
		{58D55F0F-EA4B-4E96-A5B8-303ADC029BF4}.Debug|x86.ActiveCfg = Debug|Win32
		{58D55F0F-EA4B-4E96-A5B8-303ADC029BF4}.Debug|x86.Build.0 = Debug|Win32
		{58D55F0F-EA4B-4E96-A5B8-303ADC029BF4}.Release|x64.ActiveCfg = Release|x64
		{58D55F0F-EA4B-4E96-A5B8-303ADC029BF4}.Release|x64.Build.0 = Release|x64
		{58D55F0F-EA4B-4E96-A5B8-303ADC029BF4}.Release|x86.ActiveCfg = Release|Win32
		{58D55F0F-EA4B-4E96-A5B8-303ADC029BF4}.Release|x86.Build.0 = Release|Win32
	EndGlobalSection
	GlobalSection(SolutionProperties) = preSolution
		HideSolutionNode = FALSE
	EndGlobalSection
	GlobalSection(ExtensibilityGlobals) = postSolution
		SolutionGuid = {592C90BF-FFDF-4BBF-8D29-DEE06A8D76BD}
	EndGlobalSection
EndGlobal
